
Microsoft Visual Studio Solution File, Format Version 12.00
# Visual Studio Version 17
VisualStudioVersion = 17.5.33516.290
MinimumVisualStudioVersion = 10.0.40219.1
Project("{FAE04EC0-301F-11D3-BF4B-00C04F79EFBC}") = "Voxtus Tech", "Voxtus Tech\Voxtus Tech.csproj", "{3DF89F34-532F-4E49-91B0-5E3848EC56BA}"
EndProject
Global
	GlobalSection(SolutionConfigurationPlatforms) = preSolution
		Debug|Any CPU = Debug|Any CPU
		Release|Any CPU = Release|Any CPU
	EndGlobalSection
	GlobalSection(ProjectConfigurationPlatforms) = postSolution
		{3DF89F34-532F-4E49-91B0-5E3848EC56BA}.Debug|Any CPU.ActiveCfg = Debug|Any CPU
		{3DF89F34-532F-4E49-91B0-5E3848EC56BA}.Debug|Any CPU.Build.0 = Debug|Any CPU
		{3DF89F34-532F-4E49-91B0-5E3848EC56BA}.Release|Any CPU.ActiveCfg = Release|Any CPU
		{3DF89F34-532F-4E49-91B0-5E3848EC56BA}.Release|Any CPU.Build.0 = Release|Any CPU
	EndGlobalSection
	GlobalSection(SolutionProperties) = preSolution
		HideSolutionNode = FALSE
	EndGlobalSection
	GlobalSection(ExtensibilityGlobals) = postSolution
		SolutionGuid = {4DE20D3F-D828-44FC-AF8F-B2DDB8B359AB}
	EndGlobalSection
EndGlobal
